<Solution>
  <Folder Name="/Gof/" />
  <Folder Name="/src/">
    <Project Path="src/csharp/design-patterns/behavioral/DesignPatterns.Behavioral.csproj" />
    <Project Path="src/csharp/design-patterns/creational/DesignPatterns.Creational.csproj" />
    <Project Path="src/csharp/design-patterns/samples/behavioral/DesignPatterns.Behavioral.Samples.csproj" />
    <Project Path="src/csharp/design-patterns/samples/creational/DesignPatterns.Creational.Samples.csproj" />
    <Project Path="src/csharp/design-patterns/samples/structural/DesignPatterns.Structural.Samples.csproj" />
    <Project Path="src/csharp/design-patterns/structural/DesignPatterns.Structural.csproj" />
  </Folder>
  <Folder Name="/tests/" />
  <Folder Name="/tests/unit/">
    <Project Path="tests/unit/DesignPatterns.Tests/DesignPatterns.Tests.csproj" />
  </Folder>
</Solution>
