<Solution>
  <Project Path="src/csharp/design-patterns/creational/DesignPatterns.Creational.csproj" />
  <Project Path="src/csharp/design-patterns/structural/DesignPatterns.Structural.csproj" />
  <Project Path="src/csharp/design-patterns/behavioral/DesignPatterns.Behavioral.csproj" />
  <Project Path="tests/unit/DesignPatterns.Tests/DesignPatterns.Tests.csproj" />
</Solution>
